// !$*UTF8*$!
{
	archiveVersion = 1;
	classes = {
	};
	objectVersion = 46;
	objects = {

/* Begin PBXBuildFile section */
		3C525DA91CA3F53100761B32 /* AppDelegate.swift in Sources */ = {isa = PBXBuildFile; fileRef = 3C525DA81CA3F53100761B32 /* AppDelegate.swift */; };
		3C525DAB1CA3F53100761B32 /* ViewController.swift in Sources */ = {isa = PBXBuildFile; fileRef = 3C525DAA1CA3F53100761B32 /* ViewController.swift */; };
		3C525DAE1CA3F53100761B32 /* Main.storyboard in Resources */ = {isa = PBXBuildFile; fileRef = 3C525DAC1CA3F53100761B32 /* Main.storyboard */; };
		3C525DB01CA3F53100761B32 /* Assets.xcassets in Resources */ = {isa = PBXBuildFile; fileRef = 3C525DAF1CA3F53100761B32 /* Assets.xcassets */; };
		3C525DB31CA3F53100761B32 /* LaunchScreen.storyboard in Resources */ = {isa = PBXBuildFile; fileRef = 3C525DB11CA3F53100761B32 /* LaunchScreen.storyboard */; };
		3C525DBE1CA3F53100761B32 /* BouncerTests.swift in Sources */ = {isa = PBXBuildFile; fileRef = 3C525DBD1CA3F53100761B32 /* BouncerTests.swift */; };
		3C525DC91CA3F53100761B32 /* BouncerUITests.swift in Sources */ = {isa = PBXBuildFile; fileRef = 3C525DC81CA3F53100761B32 /* BouncerUITests.swift */; };
		3C525DD81CA3F5F400761B32 /* BouncerBehavior.swift in Sources */ = {isa = PBXBuildFile; fileRef = 3C525DD71CA3F5F400761B32 /* BouncerBehavior.swift */; };
/* End PBXBuildFile section */

/* Begin PBXContainerItemProxy section */
		3C525DBA1CA3F53100761B32 /* PBXContainerItemProxy */ = {
			isa = PBXContainerItemProxy;
			containerPortal = 3C525D9D1CA3F53100761B32 /* Project object */;
			proxyType = 1;
			remoteGlobalIDString = 3C525DA41CA3F53100761B32;
			remoteInfo = Bouncer;
		};
		3C525DC51CA3F53100761B32 /* PBXContainerItemProxy */ = {
			isa = PBXContainerItemProxy;
			containerPortal = 3C525D9D1CA3F53100761B32 /* Project object */;
			proxyType = 1;
			remoteGlobalIDString = 3C525DA41CA3F53100761B32;
			remoteInfo = Bouncer;
		};
/* End PBXContainerItemProxy section */

/* Begin PBXFileReference section */
		3C525DA51CA3F53100761B32 /* Bouncer.app */ = {isa = PBXFileReference; explicitFileType = wrapper.application; includeInIndex = 0; path = Bouncer.app; sourceTree = BUILT_PRODUCTS_DIR; };
		3C525DA81CA3F53100761B32 /* AppDelegate.swift */ = {isa = PBXFileReference; lastKnownFileType = sourcecode.swift; path = AppDelegate.swift; sourceTree = "<group>"; };
		3C525DAA1CA3F53100761B32 /* ViewController.swift */ = {isa = PBXFileReference; lastKnownFileType = sourcecode.swift; path = ViewController.swift; sourceTree = "<group>"; };
		3C525DAD1CA3F53100761B32 /* Base */ = {isa = PBXFileReference; lastKnownFileType = file.storyboard; name = Base; path = Base.lproj/Main.storyboard; sourceTree = "<group>"; };
		3C525DAF1CA3F53100761B32 /* Assets.xcassets */ = {isa = PBXFileReference; lastKnownFileType = folder.assetcatalog; path = Assets.xcassets; sourceTree = "<group>"; };
		3C525DB21CA3F53100761B32 /* Base */ = {isa = PBXFileReference; lastKnownFileType = file.storyboard; name = Base; path = Base.lproj/LaunchScreen.storyboard; sourceTree = "<group>"; };
		3C525DB41CA3F53100761B32 /* Info.plist */ = {isa = PBXFileReference; lastKnownFileType = text.plist.xml; path = Info.plist; sourceTree = "<group>"; };
		3C525DB91CA3F53100761B32 /* BouncerTests.xctest */ = {isa = PBXFileReference; explicitFileType = wrapper.cfbundle; includeInIndex = 0; path = BouncerTests.xctest; sourceTree = BUILT_PRODUCTS_DIR; };
		3C525DBD1CA3F53100761B32 /* BouncerTests.swift */ = {isa = PBXFileReference; lastKnownFileType = sourcecode.swift; path = BouncerTests.swift; sourceTree = "<group>"; };
		3C525DBF1CA3F53100761B32 /* Info.plist */ = {isa = PBXFileReference; lastKnownFileType = text.plist.xml; path = Info.plist; sourceTree = "<group>"; };
		3C525DC41CA3F53100761B32 /* BouncerUITests.xctest */ = {isa = PBXFileReference; explicitFileType = wrapper.cfbundle; includeInIndex = 0; path = BouncerUITests.xctest; sourceTree = BUILT_PRODUCTS_DIR; };
		3C525DC81CA3F53100761B32 /* BouncerUITests.swift */ = {isa = PBXFileReference; lastKnownFileType = sourcecode.swift; path = BouncerUITests.swift; sourceTree = "<group>"; };
		3C525DCA1CA3F53100761B32 /* Info.plist */ = {isa = PBXFileReference; lastKnownFileType = text.plist.xml; path = Info.plist; sourceTree = "<group>"; };
		3C525DD71CA3F5F400761B32 /* BouncerBehavior.swift */ = {isa = PBXFileReference; fileEncoding = 4; lastKnownFileType = sourcecode.swift; path = BouncerBehavior.swift; sourceTree = "<group>"; };
/* End PBXFileReference section */

/* Begin PBXFrameworksBuildPhase section */
		3C525DA21CA3F53100761B32 /* Frameworks */ = {
			isa = PBXFrameworksBuildPhase;
			buildActionMask = 2147483647;
			files = (
			);
			runOnlyForDeploymentPostprocessing = 0;
		};
		3C525DB61CA3F53100761B32 /* Frameworks */ = {
			isa = PBXFrameworksBuildPhase;
			buildActionMask = 2147483647;
			files = (
			);
			runOnlyForDeploymentPostprocessing = 0;
		};
		3C525DC11CA3F53100761B32 /* Frameworks */ = {
			isa = PBXFrameworksBuildPhase;
			buildActionMask = 2147483647;
			files = (
			);
			runOnlyForDeploymentPostprocessing = 0;
		};
/* End PBXFrameworksBuildPhase section */

/* Begin PBXGroup section */
		3C525D9C1CA3F53100761B32 = {
			isa = PBXGroup;
			children = (
				3C525DA71CA3F53100761B32 /* Bouncer */,
				3C525DBC1CA3F53100761B32 /* BouncerTests */,
				3C525DC71CA3F53100761B32 /* BouncerUITests */,
				3C525DA61CA3F53100761B32 /* Products */,
			);
			sourceTree = "<group>";
		};
		3C525DA61CA3F53100761B32 /* Products */ = {
			isa = PBXGroup;
			children = (
				3C525DA51CA3F53100761B32 /* Bouncer.app */,
				3C525DB91CA3F53100761B32 /* BouncerTests.xctest */,
				3C525DC41CA3F53100761B32 /* BouncerUITests.xctest */,
			);
			name = Products;
			sourceTree = "<group>";
		};
		3C525DA71CA3F53100761B32 /* Bouncer */ = {
			isa = PBXGroup;
			children = (
				3C525DA81CA3F53100761B32 /* AppDelegate.swift */,
				3C525DAA1CA3F53100761B32 /* ViewController.swift */,
				3C525DD71CA3F5F400761B32 /* BouncerBehavior.swift */,
				3C525DAC1CA3F53100761B32 /* Main.storyboard */,
				3C525DD61CA3F59A00761B32 /* Surpotting */,
			);
			path = Bouncer;
			sourceTree = "<group>";
		};
		3C525DBC1CA3F53100761B32 /* BouncerTests */ = {
			isa = PBXGroup;
			children = (
				3C525DBD1CA3F53100761B32 /* BouncerTests.swift */,
				3C525DBF1CA3F53100761B32 /* Info.plist */,
			);
			path = BouncerTests;
			sourceTree = "<group>";
		};
		3C525DC71CA3F53100761B32 /* BouncerUITests */ = {
			isa = PBXGroup;
			children = (
				3C525DC81CA3F53100761B32 /* BouncerUITests.swift */,
				3C525DCA1CA3F53100761B32 /* Info.plist */,
			);
			path = BouncerUITests;
			sourceTree = "<group>";
		};
		3C525DD61CA3F59A00761B32 /* Surpotting */ = {
			isa = PBXGroup;
			children = (
				3C525DAF1CA3F53100761B32 /* Assets.xcassets */,
				3C525DB11CA3F53100761B32 /* LaunchScreen.storyboard */,
				3C525DB41CA3F53100761B32 /* Info.plist */,
			);
			name = Surpotting;
			sourceTree = "<group>";
		};
/* End PBXGroup section */

/* Begin PBXNativeTarget section */
		3C525DA41CA3F53100761B32 /* Bouncer */ = {
			isa = PBXNativeTarget;
			buildConfigurationList = 3C525DCD1CA3F53100761B32 /* Build configuration list for PBXNativeTarget "Bouncer" */;
			buildPhases = (
				3C525DA11CA3F53100761B32 /* Sources */,
				3C525DA21CA3F53100761B32 /* Frameworks */,
				3C525DA31CA3F53100761B32 /* Resources */,
			);
			buildRules = (
			);
			dependencies = (
			);
			name = Bouncer;
			productName = Bouncer;
			productReference = 3C525DA51CA3F53100761B32 /* Bouncer.app */;
			productType = "com.apple.product-type.application";
		};
		3C525DB81CA3F53100761B32 /* BouncerTests */ = {
			isa = PBXNativeTarget;
			buildConfigurationList = 3C525DD01CA3F53100761B32 /* Build configuration list for PBXNativeTarget "BouncerTests" */;
			buildPhases = (
				3C525DB51CA3F53100761B32 /* Sources */,
				3C525DB61CA3F53100761B32 /* Frameworks */,
				3C525DB71CA3F53100761B32 /* Resources */,
			);
			buildRules = (
			);
			dependencies = (
				3C525DBB1CA3F53100761B32 /* PBXTargetDependency */,
			);
			name = BouncerTests;
			productName = BouncerTests;
			productReference = 3C525DB91CA3F53100761B32 /* BouncerTests.xctest */;
			productType = "com.apple.product-type.bundle.unit-test";
		};
		3C525DC31CA3F53100761B32 /* BouncerUITests */ = {
			isa = PBXNativeTarget;
			buildConfigurationList = 3C525DD31CA3F53100761B32 /* Build configuration list for PBXNativeTarget "BouncerUITests" */;
			buildPhases = (
				3C525DC01CA3F53100761B32 /* Sources */,
				3C525DC11CA3F53100761B32 /* Frameworks */,
				3C525DC21CA3F53100761B32 /* Resources */,
			);
			buildRules = (
			);
			dependencies = (
				3C525DC61CA3F53100761B32 /* PBXTargetDependency */,
			);
			name = BouncerUITests;
			productName = BouncerUITests;
			productReference = 3C525DC41CA3F53100761B32 /* BouncerUITests.xctest */;
			productType = "com.apple.product-type.bundle.ui-testing";
		};
/* End PBXNativeTarget section */

/* Begin PBXProject section */
		3C525D9D1CA3F53100761B32 /* Project object */ = {
			isa = PBXProject;
			attributes = {
				LastSwiftUpdateCheck = 0720;
				LastUpgradeCheck = 0720;
				ORGANIZATIONNAME = Ayler;
				TargetAttributes = {
					3C525DA41CA3F53100761B32 = {
						CreatedOnToolsVersion = 7.2;
						DevelopmentTeam = QNJA87PUWE;
					};
					3C525DB81CA3F53100761B32 = {
						CreatedOnToolsVersion = 7.2;
						DevelopmentTeam = QNJA87PUWE;
						TestTargetID = 3C525DA41CA3F53100761B32;
					};
					3C525DC31CA3F53100761B32 = {
						CreatedOnToolsVersion = 7.2;
						DevelopmentTeam = QNJA87PUWE;
						TestTargetID = 3C525DA41CA3F53100761B32;
					};
				};
			};
			buildConfigurationList = 3C525DA01CA3F53100761B32 /* Build configuration list for PBXProject "Bouncer" */;
			compatibilityVersion = "Xcode 3.2";
			developmentRegion = English;
			hasScannedForEncodings = 0;
			knownRegions = (
				en,
				Base,
			);
			mainGroup = 3C525D9C1CA3F53100761B32;
			productRefGroup = 3C525DA61CA3F53100761B32 /* Products */;
			projectDirPath = "";
			projectRoot = "";
			targets = (
				3C525DA41CA3F53100761B32 /* Bouncer */,
				3C525DB81CA3F53100761B32 /* BouncerTests */,
				3C525DC31CA3F53100761B32 /* BouncerUITests */,
			);
		};
/* End PBXProject section */

/* Begin PBXResourcesBuildPhase section */
		3C525DA31CA3F53100761B32 /* Resources */ = {
			isa = PBXResourcesBuildPhase;
			buildActionMask = 2147483647;
			files = (
				3C525DB31CA3F53100761B32 /* LaunchScreen.storyboard in Resources */,
				3C525DB01CA3F53100761B32 /* Assets.xcassets in Resources */,
				3C525DAE1CA3F53100761B32 /* Main.storyboard in Resources */,
			);
			runOnlyForDeploymentPostprocessing = 0;
		};
		3C525DB71CA3F53100761B32 /* Resources */ = {
			isa = PBXResourcesBuildPhase;
			buildActionMask = 2147483647;
			files = (
			);
			runOnlyForDeploymentPostprocessing = 0;
		};
		3C525DC21CA3F53100761B32 /* Resources */ = {
			isa = PBXResourcesBuildPhase;
			buildActionMask = 2147483647;
			files = (
			);
			runOnlyForDeploymentPostprocessing = 0;
		};
/* End PBXResourcesBuildPhase section */

/* Begin PBXSourcesBuildPhase section */
		3C525DA11CA3F53100761B32 /* Sources */ = {
			isa = PBXSourcesBuildPhase;
			buildActionMask = 2147483647;
			files = (
				3C525DAB1CA3F53100761B32 /* ViewController.swift in Sources */,
				3C525DA91CA3F53100761B32 /* AppDelegate.swift in Sources */,
				3C525DD81CA3F5F400761B32 /* BouncerBehavior.swift in Sources */,
			);
			runOnlyForDeploymentPostprocessing = 0;
		};
		3C525DB51CA3F53100761B32 /* Sources */ = {
			isa = PBXSourcesBuildPhase;
			buildActionMask = 2147483647;
			files = (
				3C525DBE1CA3F53100761B32 /* BouncerTests.swift in Sources */,
			);
			runOnlyForDeploymentPostprocessing = 0;
		};
		3C525DC01CA3F53100761B32 /* Sources */ = {
			isa = PBXSourcesBuildPhase;
			buildActionMask = 2147483647;
			files = (
				3C525DC91CA3F53100761B32 /* BouncerUITests.swift in Sources */,
			);
			runOnlyForDeploymentPostprocessing = 0;
		};
/* End PBXSourcesBuildPhase section */

/* Begin PBXTargetDependency section */
		3C525DBB1CA3F53100761B32 /* PBXTargetDependency */ = {
			isa = PBXTargetDependency;
			target = 3C525DA41CA3F53100761B32 /* Bouncer */;
			targetProxy = 3C525DBA1CA3F53100761B32 /* PBXContainerItemProxy */;
		};
		3C525DC61CA3F53100761B32 /* PBXTargetDependency */ = {
			isa = PBXTargetDependency;
			target = 3C525DA41CA3F53100761B32 /* Bouncer */;
			targetProxy = 3C525DC51CA3F53100761B32 /* PBXContainerItemProxy */;
		};
/* End PBXTargetDependency section */

/* Begin PBXVariantGroup section */
		3C525DAC1CA3F53100761B32 /* Main.storyboard */ = {
			isa = PBXVariantGroup;
			children = (
				3C525DAD1CA3F53100761B32 /* Base */,
			);
			name = Main.storyboard;
			sourceTree = "<group>";
		};
		3C525DB11CA3F53100761B32 /* LaunchScreen.storyboard */ = {
			isa = PBXVariantGroup;
			children = (
				3C525DB21CA3F53100761B32 /* Base */,
			);
			name = LaunchScreen.storyboard;
			sourceTree = "<group>";
		};
/* End PBXVariantGroup section */

/* Begin XCBuildConfiguration section */
		3C525DCB1CA3F53100761B32 /* Debug */ = {
			isa = XCBuildConfiguration;
			buildSettings = {
				ALWAYS_SEARCH_USER_PATHS = NO;
				CLANG_CXX_LANGUAGE_STANDARD = "gnu++0x";
				CLANG_CXX_LIBRARY = "libc++";
				CLANG_ENABLE_MODULES = YES;
				CLANG_ENABLE_OBJC_ARC = YES;
				CLANG_WARN_BOOL_CONVERSION = YES;
				CLANG_WARN_CONSTANT_CONVERSION = YES;
				CLANG_WARN_DIRECT_OBJC_ISA_USAGE = YES_ERROR;
				CLANG_WARN_EMPTY_BODY = YES;
				CLANG_WARN_ENUM_CONVERSION = YES;
				CLANG_WARN_INT_CONVERSION = YES;
				CLANG_WARN_OBJC_ROOT_CLASS = YES_ERROR;
				CLANG_WARN_UNREACHABLE_CODE = YES;
				CLANG_WARN__DUPLICATE_METHOD_MATCH = YES;
				"CODE_SIGN_IDENTITY[sdk=iphoneos*]" = "iPhone Developer";
				COPY_PHASE_STRIP = NO;
				DEBUG_INFORMATION_FORMAT = dwarf;
				ENABLE_STRICT_OBJC_MSGSEND = YES;
				ENABLE_TESTABILITY = YES;
				GCC_C_LANGUAGE_STANDARD = gnu99;
				GCC_DYNAMIC_NO_PIC = NO;
				GCC_NO_COMMON_BLOCKS = YES;
				GCC_OPTIMIZATION_LEVEL = 0;
				GCC_PREPROCESSOR_DEFINITIONS = (
					"DEBUG=1",
					"$(inherited)",
				);
				GCC_WARN_64_TO_32_BIT_CONVERSION = YES;
				GCC_WARN_ABOUT_RETURN_TYPE = YES_ERROR;
				GCC_WARN_UNDECLARED_SELECTOR = YES;
				GCC_WARN_UNINITIALIZED_AUTOS = YES_AGGRESSIVE;
				GCC_WARN_UNUSED_FUNCTION = YES;
				GCC_WARN_UNUSED_VARIABLE = YES;
				IPHONEOS_DEPLOYMENT_TARGET = 9.2;
				MTL_ENABLE_DEBUG_INFO = YES;
				ONLY_ACTIVE_ARCH = YES;
				SDKROOT = iphoneos;
				SWIFT_OPTIMIZATION_LEVEL = "-Onone";
				TARGETED_DEVICE_FAMILY = "1,2";
			};
			name = Debug;
		};
		3C525DCC1CA3F53100761B32 /* Release */ = {
			isa = XCBuildConfiguration;
			buildSettings = {
				ALWAYS_SEARCH_USER_PATHS = NO;
				CLANG_CXX_LANGUAGE_STANDARD = "gnu++0x";
				CLANG_CXX_LIBRARY = "libc++";
				CLANG_ENABLE_MODULES = YES;
				CLANG_ENABLE_OBJC_ARC = YES;
				CLANG_WARN_BOOL_CONVERSION = YES;
				CLANG_WARN_CONSTANT_CONVERSION = YES;
				CLANG_WARN_DIRECT_OBJC_ISA_USAGE = YES_ERROR;
				CLANG_WARN_EMPTY_BODY = YES;
				CLANG_WARN_ENUM_CONVERSION = YES;
				CLANG_WARN_INT_CONVERSION = YES;
				CLANG_WARN_OBJC_ROOT_CLASS = YES_ERROR;
				CLANG_WARN_UNREACHABLE_CODE = YES;
				CLANG_WARN__DUPLICATE_METHOD_MATCH = YES;
				"CODE_SIGN_IDENTITY[sdk=iphoneos*]" = "iPhone Developer";
				COPY_PHASE_STRIP = NO;
				DEBUG_INFORMATION_FORMAT = "dwarf-with-dsym";
				ENABLE_NS_ASSERTIONS = NO;
				ENABLE_STRICT_OBJC_MSGSEND = YES;
				GCC_C_LANGUAGE_STANDARD = gnu99;
				GCC_NO_COMMON_BLOCKS = YES;
				GCC_WARN_64_TO_32_BIT_CONVERSION = YES;
				GCC_WARN_ABOUT_RETURN_TYPE = YES_ERROR;
				GCC_WARN_UNDECLARED_SELECTOR = YES;
				GCC_WARN_UNINITIALIZED_AUTOS = YES_AGGRESSIVE;
				GCC_WARN_UNUSED_FUNCTION = YES;
				GCC_WARN_UNUSED_VARIABLE = YES;
				IPHONEOS_DEPLOYMENT_TARGET = 9.2;
				MTL_ENABLE_DEBUG_INFO = NO;
				SDKROOT = iphoneos;
				TARGETED_DEVICE_FAMILY = "1,2";
				VALIDATE_PRODUCT = YES;
			};
			name = Release;
		};
		3C525DCE1CA3F53100761B32 /* Debug */ = {
			isa = XCBuildConfiguration;
			buildSettings = {
				ASSETCATALOG_COMPILER_APPICON_NAME = AppIcon;
				INFOPLIST_FILE = Bouncer/Info.plist;
				LD_RUNPATH_SEARCH_PATHS = "$(inherited) @executable_path/Frameworks";
				PRODUCT_BUNDLE_IDENTIFIER = me.AylerLee.WTF.Bouncer;
				PRODUCT_NAME = "$(TARGET_NAME)";
			};
			name = Debug;
		};
		3C525DCF1CA3F53100761B32 /* Release */ = {
			isa = XCBuildConfiguration;
			buildSettings = {
				ASSETCATALOG_COMPILER_APPICON_NAME = AppIcon;
				INFOPLIST_FILE = Bouncer/Info.plist;
				LD_RUNPATH_SEARCH_PATHS = "$(inherited) @executable_path/Frameworks";
				PRODUCT_BUNDLE_IDENTIFIER = me.AylerLee.WTF.Bouncer;
				PRODUCT_NAME = "$(TARGET_NAME)";
			};
			name = Release;
		};
		3C525DD11CA3F53100761B32 /* Debug */ = {
			isa = XCBuildConfiguration;
			buildSettings = {
				BUNDLE_LOADER = "$(TEST_HOST)";
				INFOPLIST_FILE = BouncerTests/Info.plist;
				LD_RUNPATH_SEARCH_PATHS = "$(inherited) @executable_path/Frameworks @loader_path/Frameworks";
				PRODUCT_BUNDLE_IDENTIFIER = me.AylerLee.WTF.BouncerTests;
				PRODUCT_NAME = "$(TARGET_NAME)";
				TEST_HOST = "$(BUILT_PRODUCTS_DIR)/Bouncer.app/Bouncer";
			};
			name = Debug;
		};
		3C525DD21CA3F53100761B32 /* Release */ = {
			isa = XCBuildConfiguration;
			buildSettings = {
				BUNDLE_LOADER = "$(TEST_HOST)";
				INFOPLIST_FILE = BouncerTests/Info.plist;
				LD_RUNPATH_SEARCH_PATHS = "$(inherited) @executable_path/Frameworks @loader_path/Frameworks";
				PRODUCT_BUNDLE_IDENTIFIER = me.AylerLee.WTF.BouncerTests;
				PRODUCT_NAME = "$(TARGET_NAME)";
				TEST_HOST = "$(BUILT_PRODUCTS_DIR)/Bouncer.app/Bouncer";
			};
			name = Release;
		};
		3C525DD41CA3F53100761B32 /* Debug */ = {
			isa = XCBuildConfiguration;
			buildSettings = {
				INFOPLIST_FILE = BouncerUITests/Info.plist;
				LD_RUNPATH_SEARCH_PATHS = "$(inherited) @executable_path/Frameworks @loader_path/Frameworks";
				PRODUCT_BUNDLE_IDENTIFIER = me.AylerLee.WTF.BouncerUITests;
				PRODUCT_NAME = "$(TARGET_NAME)";
				TEST_TARGET_NAME = Bouncer;
				USES_XCTRUNNER = YES;
			};
			name = Debug;
		};
		3C525DD51CA3F53100761B32 /* Release */ = {
			isa = XCBuildConfiguration;
			buildSettings = {
				INFOPLIST_FILE = BouncerUITests/Info.plist;
				LD_RUNPATH_SEARCH_PATHS = "$(inherited) @executable_path/Frameworks @loader_path/Frameworks";
				PRODUCT_BUNDLE_IDENTIFIER = me.AylerLee.WTF.BouncerUITests;
				PRODUCT_NAME = "$(TARGET_NAME)";
				TEST_TARGET_NAME = Bouncer;
				USES_XCTRUNNER = YES;
			};
			name = Release;
		};
/* End XCBuildConfiguration section */

/* Begin XCConfigurationList section */
		3C525DA01CA3F53100761B32 /* Build configuration list for PBXProject "Bouncer" */ = {
			isa = XCConfigurationList;
			buildConfigurations = (
				3C525DCB1CA3F53100761B32 /* Debug */,
				3C525DCC1CA3F53100761B32 /* Release */,
			);
			defaultConfigurationIsVisible = 0;
			defaultConfigurationName = Release;
		};
		3C525DCD1CA3F53100761B32 /* Build configuration list for PBXNativeTarget "Bouncer" */ = {
			isa = XCConfigurationList;
			buildConfigurations = (
				3C525DCE1CA3F53100761B32 /* Debug */,
				3C525DCF1CA3F53100761B32 /* Release */,
			);
			defaultConfigurationIsVisible = 0;
		};
		3C525DD01CA3F53100761B32 /* Build configuration list for PBXNativeTarget "BouncerTests" */ = {
			isa = XCConfigurationList;
			buildConfigurations = (
				3C525DD11CA3F53100761B32 /* Debug */,
				3C525DD21CA3F53100761B32 /* Release */,
			);
			defaultConfigurationIsVisible = 0;
		};
		3C525DD31CA3F53100761B32 /* Build configuration list for PBXNativeTarget "BouncerUITests" */ = {
			isa = XCConfigurationList;
			buildConfigurations = (
				3C525DD41CA3F53100761B32 /* Debug */,
				3C525DD51CA3F53100761B32 /* Release */,
			);
			defaultConfigurationIsVisible = 0;
		};
/* End XCConfigurationList section */
	};
	rootObject = 3C525D9D1CA3F53100761B32 /* Project object */;
}
