// !$*UTF8*$!
{
	archiveVersion = 1;
	classes = {
	};
	objectVersion = 46;
	objects = {

/* Begin PBXBuildFile section */
		3C9381651C9ECAFE00F63BFD /* AppDelegate.swift in Sources */ = {isa = PBXBuildFile; fileRef = 3C9381641C9ECAFE00F63BFD /* AppDelegate.swift */; };
		3C93816A1C9ECAFE00F63BFD /* Main.storyboard in Resources */ = {isa = PBXBuildFile; fileRef = 3C9381681C9ECAFE00F63BFD /* Main.storyboard */; };
		3C93816C1C9ECAFE00F63BFD /* Assets.xcassets in Resources */ = {isa = PBXBuildFile; fileRef = 3C93816B1C9ECAFE00F63BFD /* Assets.xcassets */; };
		3C93816F1C9ECAFE00F63BFD /* LaunchScreen.storyboard in Resources */ = {isa = PBXBuildFile; fileRef = 3C93816D1C9ECAFE00F63BFD /* LaunchScreen.storyboard */; };
		3C93817A1C9ECAFE00F63BFD /* DropitTests.swift in Sources */ = {isa = PBXBuildFile; fileRef = 3C9381791C9ECAFE00F63BFD /* DropitTests.swift */; };
		3C9381851C9ECAFE00F63BFD /* DropitUITests.swift in Sources */ = {isa = PBXBuildFile; fileRef = 3C9381841C9ECAFE00F63BFD /* DropitUITests.swift */; };
		3C9381941C9ED81100F63BFD /* DropitViewController.swift in Sources */ = {isa = PBXBuildFile; fileRef = 3C9381931C9ED81100F63BFD /* DropitViewController.swift */; };
		3C9381961C9EEA4100F63BFD /* DropitBehavior.swift in Sources */ = {isa = PBXBuildFile; fileRef = 3C9381951C9EEA4100F63BFD /* DropitBehavior.swift */; };
		3C9381D81C9FE72200F63BFD /* BezierPathView.swift in Sources */ = {isa = PBXBuildFile; fileRef = 3C9381D71C9FE72200F63BFD /* BezierPathView.swift */; };
/* End PBXBuildFile section */

/* Begin PBXContainerItemProxy section */
		3C9381761C9ECAFE00F63BFD /* PBXContainerItemProxy */ = {
			isa = PBXContainerItemProxy;
			containerPortal = 3C9381591C9ECAFE00F63BFD /* Project object */;
			proxyType = 1;
			remoteGlobalIDString = 3C9381601C9ECAFE00F63BFD;
			remoteInfo = Dropit;
		};
		3C9381811C9ECAFE00F63BFD /* PBXContainerItemProxy */ = {
			isa = PBXContainerItemProxy;
			containerPortal = 3C9381591C9ECAFE00F63BFD /* Project object */;
			proxyType = 1;
			remoteGlobalIDString = 3C9381601C9ECAFE00F63BFD;
			remoteInfo = Dropit;
		};
/* End PBXContainerItemProxy section */

/* Begin PBXFileReference section */
		3C9381611C9ECAFE00F63BFD /* Dropit.app */ = {isa = PBXFileReference; explicitFileType = wrapper.application; includeInIndex = 0; path = Dropit.app; sourceTree = BUILT_PRODUCTS_DIR; };
		3C9381641C9ECAFE00F63BFD /* AppDelegate.swift */ = {isa = PBXFileReference; lastKnownFileType = sourcecode.swift; path = AppDelegate.swift; sourceTree = "<group>"; };
		3C9381691C9ECAFE00F63BFD /* Base */ = {isa = PBXFileReference; lastKnownFileType = file.storyboard; name = Base; path = Base.lproj/Main.storyboard; sourceTree = "<group>"; };
		3C93816B1C9ECAFE00F63BFD /* Assets.xcassets */ = {isa = PBXFileReference; lastKnownFileType = folder.assetcatalog; path = Assets.xcassets; sourceTree = "<group>"; };
		3C93816E1C9ECAFE00F63BFD /* Base */ = {isa = PBXFileReference; lastKnownFileType = file.storyboard; name = Base; path = Base.lproj/LaunchScreen.storyboard; sourceTree = "<group>"; };
		3C9381701C9ECAFE00F63BFD /* Info.plist */ = {isa = PBXFileReference; lastKnownFileType = text.plist.xml; path = Info.plist; sourceTree = "<group>"; };
		3C9381751C9ECAFE00F63BFD /* DropitTests.xctest */ = {isa = PBXFileReference; explicitFileType = wrapper.cfbundle; includeInIndex = 0; path = DropitTests.xctest; sourceTree = BUILT_PRODUCTS_DIR; };
		3C9381791C9ECAFE00F63BFD /* DropitTests.swift */ = {isa = PBXFileReference; lastKnownFileType = sourcecode.swift; path = DropitTests.swift; sourceTree = "<group>"; };
		3C93817B1C9ECAFE00F63BFD /* Info.plist */ = {isa = PBXFileReference; lastKnownFileType = text.plist.xml; path = Info.plist; sourceTree = "<group>"; };
		3C9381801C9ECAFE00F63BFD /* DropitUITests.xctest */ = {isa = PBXFileReference; explicitFileType = wrapper.cfbundle; includeInIndex = 0; path = DropitUITests.xctest; sourceTree = BUILT_PRODUCTS_DIR; };
		3C9381841C9ECAFE00F63BFD /* DropitUITests.swift */ = {isa = PBXFileReference; lastKnownFileType = sourcecode.swift; path = DropitUITests.swift; sourceTree = "<group>"; };
		3C9381861C9ECAFE00F63BFD /* Info.plist */ = {isa = PBXFileReference; lastKnownFileType = text.plist.xml; path = Info.plist; sourceTree = "<group>"; };
		3C9381931C9ED81100F63BFD /* DropitViewController.swift */ = {isa = PBXFileReference; fileEncoding = 4; lastKnownFileType = sourcecode.swift; path = DropitViewController.swift; sourceTree = "<group>"; };
		3C9381951C9EEA4100F63BFD /* DropitBehavior.swift */ = {isa = PBXFileReference; fileEncoding = 4; lastKnownFileType = sourcecode.swift; path = DropitBehavior.swift; sourceTree = "<group>"; };
		3C9381D71C9FE72200F63BFD /* BezierPathView.swift */ = {isa = PBXFileReference; fileEncoding = 4; lastKnownFileType = sourcecode.swift; path = BezierPathView.swift; sourceTree = "<group>"; };
/* End PBXFileReference section */

/* Begin PBXFrameworksBuildPhase section */
		3C93815E1C9ECAFE00F63BFD /* Frameworks */ = {
			isa = PBXFrameworksBuildPhase;
			buildActionMask = 2147483647;
			files = (
			);
			runOnlyForDeploymentPostprocessing = 0;
		};
		3C9381721C9ECAFE00F63BFD /* Frameworks */ = {
			isa = PBXFrameworksBuildPhase;
			buildActionMask = 2147483647;
			files = (
			);
			runOnlyForDeploymentPostprocessing = 0;
		};
		3C93817D1C9ECAFE00F63BFD /* Frameworks */ = {
			isa = PBXFrameworksBuildPhase;
			buildActionMask = 2147483647;
			files = (
			);
			runOnlyForDeploymentPostprocessing = 0;
		};
/* End PBXFrameworksBuildPhase section */

/* Begin PBXGroup section */
		3C9381581C9ECAFE00F63BFD = {
			isa = PBXGroup;
			children = (
				3C9381631C9ECAFE00F63BFD /* Dropit */,
				3C9381781C9ECAFE00F63BFD /* DropitTests */,
				3C9381831C9ECAFE00F63BFD /* DropitUITests */,
				3C9381621C9ECAFE00F63BFD /* Products */,
			);
			sourceTree = "<group>";
		};
		3C9381621C9ECAFE00F63BFD /* Products */ = {
			isa = PBXGroup;
			children = (
				3C9381611C9ECAFE00F63BFD /* Dropit.app */,
				3C9381751C9ECAFE00F63BFD /* DropitTests.xctest */,
				3C9381801C9ECAFE00F63BFD /* DropitUITests.xctest */,
			);
			name = Products;
			sourceTree = "<group>";
		};
		3C9381631C9ECAFE00F63BFD /* Dropit */ = {
			isa = PBXGroup;
			children = (
				3C9381931C9ED81100F63BFD /* DropitViewController.swift */,
				3C9381951C9EEA4100F63BFD /* DropitBehavior.swift */,
				3C9381D71C9FE72200F63BFD /* BezierPathView.swift */,
				3C9381681C9ECAFE00F63BFD /* Main.storyboard */,
				3C9381921C9ECB5500F63BFD /* Supporting */,
			);
			path = Dropit;
			sourceTree = "<group>";
		};
		3C9381781C9ECAFE00F63BFD /* DropitTests */ = {
			isa = PBXGroup;
			children = (
				3C9381791C9ECAFE00F63BFD /* DropitTests.swift */,
				3C93817B1C9ECAFE00F63BFD /* Info.plist */,
			);
			path = DropitTests;
			sourceTree = "<group>";
		};
		3C9381831C9ECAFE00F63BFD /* DropitUITests */ = {
			isa = PBXGroup;
			children = (
				3C9381841C9ECAFE00F63BFD /* DropitUITests.swift */,
				3C9381861C9ECAFE00F63BFD /* Info.plist */,
			);
			path = DropitUITests;
			sourceTree = "<group>";
		};
		3C9381921C9ECB5500F63BFD /* Supporting */ = {
			isa = PBXGroup;
			children = (
				3C9381641C9ECAFE00F63BFD /* AppDelegate.swift */,
				3C93816B1C9ECAFE00F63BFD /* Assets.xcassets */,
				3C93816D1C9ECAFE00F63BFD /* LaunchScreen.storyboard */,
				3C9381701C9ECAFE00F63BFD /* Info.plist */,
			);
			name = Supporting;
			sourceTree = "<group>";
		};
/* End PBXGroup section */

/* Begin PBXNativeTarget section */
		3C9381601C9ECAFE00F63BFD /* Dropit */ = {
			isa = PBXNativeTarget;
			buildConfigurationList = 3C9381891C9ECAFE00F63BFD /* Build configuration list for PBXNativeTarget "Dropit" */;
			buildPhases = (
				3C93815D1C9ECAFE00F63BFD /* Sources */,
				3C93815E1C9ECAFE00F63BFD /* Frameworks */,
				3C93815F1C9ECAFE00F63BFD /* Resources */,
			);
			buildRules = (
			);
			dependencies = (
			);
			name = Dropit;
			productName = Dropit;
			productReference = 3C9381611C9ECAFE00F63BFD /* Dropit.app */;
			productType = "com.apple.product-type.application";
		};
		3C9381741C9ECAFE00F63BFD /* DropitTests */ = {
			isa = PBXNativeTarget;
			buildConfigurationList = 3C93818C1C9ECAFE00F63BFD /* Build configuration list for PBXNativeTarget "DropitTests" */;
			buildPhases = (
				3C9381711C9ECAFE00F63BFD /* Sources */,
				3C9381721C9ECAFE00F63BFD /* Frameworks */,
				3C9381731C9ECAFE00F63BFD /* Resources */,
			);
			buildRules = (
			);
			dependencies = (
				3C9381771C9ECAFE00F63BFD /* PBXTargetDependency */,
			);
			name = DropitTests;
			productName = DropitTests;
			productReference = 3C9381751C9ECAFE00F63BFD /* DropitTests.xctest */;
			productType = "com.apple.product-type.bundle.unit-test";
		};
		3C93817F1C9ECAFE00F63BFD /* DropitUITests */ = {
			isa = PBXNativeTarget;
			buildConfigurationList = 3C93818F1C9ECAFE00F63BFD /* Build configuration list for PBXNativeTarget "DropitUITests" */;
			buildPhases = (
				3C93817C1C9ECAFE00F63BFD /* Sources */,
				3C93817D1C9ECAFE00F63BFD /* Frameworks */,
				3C93817E1C9ECAFE00F63BFD /* Resources */,
			);
			buildRules = (
			);
			dependencies = (
				3C9381821C9ECAFE00F63BFD /* PBXTargetDependency */,
			);
			name = DropitUITests;
			productName = DropitUITests;
			productReference = 3C9381801C9ECAFE00F63BFD /* DropitUITests.xctest */;
			productType = "com.apple.product-type.bundle.ui-testing";
		};
/* End PBXNativeTarget section */

/* Begin PBXProject section */
		3C9381591C9ECAFE00F63BFD /* Project object */ = {
			isa = PBXProject;
			attributes = {
				LastSwiftUpdateCheck = 0720;
				LastUpgradeCheck = 0720;
				ORGANIZATIONNAME = Ayler;
				TargetAttributes = {
					3C9381601C9ECAFE00F63BFD = {
						CreatedOnToolsVersion = 7.2;
						DevelopmentTeam = QNJA87PUWE;
					};
					3C9381741C9ECAFE00F63BFD = {
						CreatedOnToolsVersion = 7.2;
						DevelopmentTeam = QNJA87PUWE;
						TestTargetID = 3C9381601C9ECAFE00F63BFD;
					};
					3C93817F1C9ECAFE00F63BFD = {
						CreatedOnToolsVersion = 7.2;
						DevelopmentTeam = QNJA87PUWE;
						TestTargetID = 3C9381601C9ECAFE00F63BFD;
					};
				};
			};
			buildConfigurationList = 3C93815C1C9ECAFE00F63BFD /* Build configuration list for PBXProject "Dropit" */;
			compatibilityVersion = "Xcode 3.2";
			developmentRegion = English;
			hasScannedForEncodings = 0;
			knownRegions = (
				en,
				Base,
			);
			mainGroup = 3C9381581C9ECAFE00F63BFD;
			productRefGroup = 3C9381621C9ECAFE00F63BFD /* Products */;
			projectDirPath = "";
			projectRoot = "";
			targets = (
				3C9381601C9ECAFE00F63BFD /* Dropit */,
				3C9381741C9ECAFE00F63BFD /* DropitTests */,
				3C93817F1C9ECAFE00F63BFD /* DropitUITests */,
			);
		};
/* End PBXProject section */

/* Begin PBXResourcesBuildPhase section */
		3C93815F1C9ECAFE00F63BFD /* Resources */ = {
			isa = PBXResourcesBuildPhase;
			buildActionMask = 2147483647;
			files = (
				3C93816F1C9ECAFE00F63BFD /* LaunchScreen.storyboard in Resources */,
				3C93816C1C9ECAFE00F63BFD /* Assets.xcassets in Resources */,
				3C93816A1C9ECAFE00F63BFD /* Main.storyboard in Resources */,
			);
			runOnlyForDeploymentPostprocessing = 0;
		};
		3C9381731C9ECAFE00F63BFD /* Resources */ = {
			isa = PBXResourcesBuildPhase;
			buildActionMask = 2147483647;
			files = (
			);
			runOnlyForDeploymentPostprocessing = 0;
		};
		3C93817E1C9ECAFE00F63BFD /* Resources */ = {
			isa = PBXResourcesBuildPhase;
			buildActionMask = 2147483647;
			files = (
			);
			runOnlyForDeploymentPostprocessing = 0;
		};
/* End PBXResourcesBuildPhase section */

/* Begin PBXSourcesBuildPhase section */
		3C93815D1C9ECAFE00F63BFD /* Sources */ = {
			isa = PBXSourcesBuildPhase;
			buildActionMask = 2147483647;
			files = (
				3C9381D81C9FE72200F63BFD /* BezierPathView.swift in Sources */,
				3C9381941C9ED81100F63BFD /* DropitViewController.swift in Sources */,
				3C9381651C9ECAFE00F63BFD /* AppDelegate.swift in Sources */,
				3C9381961C9EEA4100F63BFD /* DropitBehavior.swift in Sources */,
			);
			runOnlyForDeploymentPostprocessing = 0;
		};
		3C9381711C9ECAFE00F63BFD /* Sources */ = {
			isa = PBXSourcesBuildPhase;
			buildActionMask = 2147483647;
			files = (
				3C93817A1C9ECAFE00F63BFD /* DropitTests.swift in Sources */,
			);
			runOnlyForDeploymentPostprocessing = 0;
		};
		3C93817C1C9ECAFE00F63BFD /* Sources */ = {
			isa = PBXSourcesBuildPhase;
			buildActionMask = 2147483647;
			files = (
				3C9381851C9ECAFE00F63BFD /* DropitUITests.swift in Sources */,
			);
			runOnlyForDeploymentPostprocessing = 0;
		};
/* End PBXSourcesBuildPhase section */

/* Begin PBXTargetDependency section */
		3C9381771C9ECAFE00F63BFD /* PBXTargetDependency */ = {
			isa = PBXTargetDependency;
			target = 3C9381601C9ECAFE00F63BFD /* Dropit */;
			targetProxy = 3C9381761C9ECAFE00F63BFD /* PBXContainerItemProxy */;
		};
		3C9381821C9ECAFE00F63BFD /* PBXTargetDependency */ = {
			isa = PBXTargetDependency;
			target = 3C9381601C9ECAFE00F63BFD /* Dropit */;
			targetProxy = 3C9381811C9ECAFE00F63BFD /* PBXContainerItemProxy */;
		};
/* End PBXTargetDependency section */

/* Begin PBXVariantGroup section */
		3C9381681C9ECAFE00F63BFD /* Main.storyboard */ = {
			isa = PBXVariantGroup;
			children = (
				3C9381691C9ECAFE00F63BFD /* Base */,
			);
			name = Main.storyboard;
			sourceTree = "<group>";
		};
		3C93816D1C9ECAFE00F63BFD /* LaunchScreen.storyboard */ = {
			isa = PBXVariantGroup;
			children = (
				3C93816E1C9ECAFE00F63BFD /* Base */,
			);
			name = LaunchScreen.storyboard;
			sourceTree = "<group>";
		};
/* End PBXVariantGroup section */

/* Begin XCBuildConfiguration section */
		3C9381871C9ECAFE00F63BFD /* Debug */ = {
			isa = XCBuildConfiguration;
			buildSettings = {
				ALWAYS_SEARCH_USER_PATHS = NO;
				CLANG_CXX_LANGUAGE_STANDARD = "gnu++0x";
				CLANG_CXX_LIBRARY = "libc++";
				CLANG_ENABLE_MODULES = YES;
				CLANG_ENABLE_OBJC_ARC = YES;
				CLANG_WARN_BOOL_CONVERSION = YES;
				CLANG_WARN_CONSTANT_CONVERSION = YES;
				CLANG_WARN_DIRECT_OBJC_ISA_USAGE = YES_ERROR;
				CLANG_WARN_EMPTY_BODY = YES;
				CLANG_WARN_ENUM_CONVERSION = YES;
				CLANG_WARN_INT_CONVERSION = YES;
				CLANG_WARN_OBJC_ROOT_CLASS = YES_ERROR;
				CLANG_WARN_UNREACHABLE_CODE = YES;
				CLANG_WARN__DUPLICATE_METHOD_MATCH = YES;
				"CODE_SIGN_IDENTITY[sdk=iphoneos*]" = "iPhone Developer";
				COPY_PHASE_STRIP = NO;
				DEBUG_INFORMATION_FORMAT = dwarf;
				ENABLE_STRICT_OBJC_MSGSEND = YES;
				ENABLE_TESTABILITY = YES;
				GCC_C_LANGUAGE_STANDARD = gnu99;
				GCC_DYNAMIC_NO_PIC = NO;
				GCC_NO_COMMON_BLOCKS = YES;
				GCC_OPTIMIZATION_LEVEL = 0;
				GCC_PREPROCESSOR_DEFINITIONS = (
					"DEBUG=1",
					"$(inherited)",
				);
				GCC_WARN_64_TO_32_BIT_CONVERSION = YES;
				GCC_WARN_ABOUT_RETURN_TYPE = YES_ERROR;
				GCC_WARN_UNDECLARED_SELECTOR = YES;
				GCC_WARN_UNINITIALIZED_AUTOS = YES_AGGRESSIVE;
				GCC_WARN_UNUSED_FUNCTION = YES;
				GCC_WARN_UNUSED_VARIABLE = YES;
				IPHONEOS_DEPLOYMENT_TARGET = 9.2;
				MTL_ENABLE_DEBUG_INFO = YES;
				ONLY_ACTIVE_ARCH = YES;
				SDKROOT = iphoneos;
				SWIFT_OPTIMIZATION_LEVEL = "-Onone";
				TARGETED_DEVICE_FAMILY = "1,2";
			};
			name = Debug;
		};
		3C9381881C9ECAFE00F63BFD /* Release */ = {
			isa = XCBuildConfiguration;
			buildSettings = {
				ALWAYS_SEARCH_USER_PATHS = NO;
				CLANG_CXX_LANGUAGE_STANDARD = "gnu++0x";
				CLANG_CXX_LIBRARY = "libc++";
				CLANG_ENABLE_MODULES = YES;
				CLANG_ENABLE_OBJC_ARC = YES;
				CLANG_WARN_BOOL_CONVERSION = YES;
				CLANG_WARN_CONSTANT_CONVERSION = YES;
				CLANG_WARN_DIRECT_OBJC_ISA_USAGE = YES_ERROR;
				CLANG_WARN_EMPTY_BODY = YES;
				CLANG_WARN_ENUM_CONVERSION = YES;
				CLANG_WARN_INT_CONVERSION = YES;
				CLANG_WARN_OBJC_ROOT_CLASS = YES_ERROR;
				CLANG_WARN_UNREACHABLE_CODE = YES;
				CLANG_WARN__DUPLICATE_METHOD_MATCH = YES;
				"CODE_SIGN_IDENTITY[sdk=iphoneos*]" = "iPhone Developer";
				COPY_PHASE_STRIP = NO;
				DEBUG_INFORMATION_FORMAT = "dwarf-with-dsym";
				ENABLE_NS_ASSERTIONS = NO;
				ENABLE_STRICT_OBJC_MSGSEND = YES;
				GCC_C_LANGUAGE_STANDARD = gnu99;
				GCC_NO_COMMON_BLOCKS = YES;
				GCC_WARN_64_TO_32_BIT_CONVERSION = YES;
				GCC_WARN_ABOUT_RETURN_TYPE = YES_ERROR;
				GCC_WARN_UNDECLARED_SELECTOR = YES;
				GCC_WARN_UNINITIALIZED_AUTOS = YES_AGGRESSIVE;
				GCC_WARN_UNUSED_FUNCTION = YES;
				GCC_WARN_UNUSED_VARIABLE = YES;
				IPHONEOS_DEPLOYMENT_TARGET = 9.2;
				MTL_ENABLE_DEBUG_INFO = NO;
				SDKROOT = iphoneos;
				TARGETED_DEVICE_FAMILY = "1,2";
				VALIDATE_PRODUCT = YES;
			};
			name = Release;
		};
		3C93818A1C9ECAFE00F63BFD /* Debug */ = {
			isa = XCBuildConfiguration;
			buildSettings = {
				ASSETCATALOG_COMPILER_APPICON_NAME = AppIcon;
				INFOPLIST_FILE = Dropit/Info.plist;
				IPHONEOS_DEPLOYMENT_TARGET = 8.1;
				LD_RUNPATH_SEARCH_PATHS = "$(inherited) @executable_path/Frameworks";
				PRODUCT_BUNDLE_IDENTIFIER = me.AylerLee.WTF.Dropit;
				PRODUCT_NAME = "$(TARGET_NAME)";
				TARGETED_DEVICE_FAMILY = 1;
			};
			name = Debug;
		};
		3C93818B1C9ECAFE00F63BFD /* Release */ = {
			isa = XCBuildConfiguration;
			buildSettings = {
				ASSETCATALOG_COMPILER_APPICON_NAME = AppIcon;
				INFOPLIST_FILE = Dropit/Info.plist;
				IPHONEOS_DEPLOYMENT_TARGET = 8.1;
				LD_RUNPATH_SEARCH_PATHS = "$(inherited) @executable_path/Frameworks";
				PRODUCT_BUNDLE_IDENTIFIER = me.AylerLee.WTF.Dropit;
				PRODUCT_NAME = "$(TARGET_NAME)";
				TARGETED_DEVICE_FAMILY = 1;
			};
			name = Release;
		};
		3C93818D1C9ECAFE00F63BFD /* Debug */ = {
			isa = XCBuildConfiguration;
			buildSettings = {
				BUNDLE_LOADER = "$(TEST_HOST)";
				INFOPLIST_FILE = DropitTests/Info.plist;
				LD_RUNPATH_SEARCH_PATHS = "$(inherited) @executable_path/Frameworks @loader_path/Frameworks";
				PRODUCT_BUNDLE_IDENTIFIER = me.AylerLee.WTF.DropitTests;
				PRODUCT_NAME = "$(TARGET_NAME)";
				TEST_HOST = "$(BUILT_PRODUCTS_DIR)/Dropit.app/Dropit";
			};
			name = Debug;
		};
		3C93818E1C9ECAFE00F63BFD /* Release */ = {
			isa = XCBuildConfiguration;
			buildSettings = {
				BUNDLE_LOADER = "$(TEST_HOST)";
				INFOPLIST_FILE = DropitTests/Info.plist;
				LD_RUNPATH_SEARCH_PATHS = "$(inherited) @executable_path/Frameworks @loader_path/Frameworks";
				PRODUCT_BUNDLE_IDENTIFIER = me.AylerLee.WTF.DropitTests;
				PRODUCT_NAME = "$(TARGET_NAME)";
				TEST_HOST = "$(BUILT_PRODUCTS_DIR)/Dropit.app/Dropit";
			};
			name = Release;
		};
		3C9381901C9ECAFE00F63BFD /* Debug */ = {
			isa = XCBuildConfiguration;
			buildSettings = {
				INFOPLIST_FILE = DropitUITests/Info.plist;
				LD_RUNPATH_SEARCH_PATHS = "$(inherited) @executable_path/Frameworks @loader_path/Frameworks";
				PRODUCT_BUNDLE_IDENTIFIER = me.AylerLee.WTF.DropitUITests;
				PRODUCT_NAME = "$(TARGET_NAME)";
				TEST_TARGET_NAME = Dropit;
				USES_XCTRUNNER = YES;
			};
			name = Debug;
		};
		3C9381911C9ECAFE00F63BFD /* Release */ = {
			isa = XCBuildConfiguration;
			buildSettings = {
				INFOPLIST_FILE = DropitUITests/Info.plist;
				LD_RUNPATH_SEARCH_PATHS = "$(inherited) @executable_path/Frameworks @loader_path/Frameworks";
				PRODUCT_BUNDLE_IDENTIFIER = me.AylerLee.WTF.DropitUITests;
				PRODUCT_NAME = "$(TARGET_NAME)";
				TEST_TARGET_NAME = Dropit;
				USES_XCTRUNNER = YES;
			};
			name = Release;
		};
/* End XCBuildConfiguration section */

/* Begin XCConfigurationList section */
		3C93815C1C9ECAFE00F63BFD /* Build configuration list for PBXProject "Dropit" */ = {
			isa = XCConfigurationList;
			buildConfigurations = (
				3C9381871C9ECAFE00F63BFD /* Debug */,
				3C9381881C9ECAFE00F63BFD /* Release */,
			);
			defaultConfigurationIsVisible = 0;
			defaultConfigurationName = Release;
		};
		3C9381891C9ECAFE00F63BFD /* Build configuration list for PBXNativeTarget "Dropit" */ = {
			isa = XCConfigurationList;
			buildConfigurations = (
				3C93818A1C9ECAFE00F63BFD /* Debug */,
				3C93818B1C9ECAFE00F63BFD /* Release */,
			);
			defaultConfigurationIsVisible = 0;
		};
		3C93818C1C9ECAFE00F63BFD /* Build configuration list for PBXNativeTarget "DropitTests" */ = {
			isa = XCConfigurationList;
			buildConfigurations = (
				3C93818D1C9ECAFE00F63BFD /* Debug */,
				3C93818E1C9ECAFE00F63BFD /* Release */,
			);
			defaultConfigurationIsVisible = 0;
		};
		3C93818F1C9ECAFE00F63BFD /* Build configuration list for PBXNativeTarget "DropitUITests" */ = {
			isa = XCConfigurationList;
			buildConfigurations = (
				3C9381901C9ECAFE00F63BFD /* Debug */,
				3C9381911C9ECAFE00F63BFD /* Release */,
			);
			defaultConfigurationIsVisible = 0;
		};
/* End XCConfigurationList section */
	};
	rootObject = 3C9381591C9ECAFE00F63BFD /* Project object */;
}
